
Microsoft Visual Studio Solution File, Format Version 12.00
Project("{FAE04EC0-301F-11D3-BF4B-00C04F79EFBC}") = "TimeLedger", "TimeLedger\TimeLedger.csproj", "{5F913230-518A-42E2-883A-DE379D4B7922}"
EndProject
Global
	GlobalSection(SolutionConfigurationPlatforms) = preSolution
		Debug|Any CPU = Debug|Any CPU
		Release|Any CPU = Release|Any CPU
	EndGlobalSection
	GlobalSection(ProjectConfigurationPlatforms) = postSolution
		{5F913230-518A-42E2-883A-DE379D4B7922}.Debug|Any CPU.ActiveCfg = Debug|Any CPU
		{5F913230-518A-42E2-883A-DE379D4B7922}.Debug|Any CPU.Build.0 = Debug|Any CPU
		{5F913230-518A-42E2-883A-DE379D4B7922}.Release|Any CPU.ActiveCfg = Release|Any CPU
		{5F913230-518A-42E2-883A-DE379D4B7922}.Release|Any CPU.Build.0 = Release|Any CPU
	EndGlobalSection
EndGlobal
